
Microsoft Visual Studio Solution File, Format Version 12.00
Project("{FAE04EC0-301F-11D3-BF4B-00C04F79EFBC}") = "GraphicsEditor", "GraphicsEditor\GraphicsEditor.csproj", "{47857FD9-07E5-4AE8-93B9-94CB6CE6435B}"
EndProject
Project("{FAE04EC0-301F-11D3-BF4B-00C04F79EFBC}") = "GeometricPrimitives", "GeometricPrimitives\GeometricPrimitives.csproj", "{85292DCB-33BC-4A68-99EB-4171398B0AC7}"
EndProject
Project("{FAE04EC0-301F-11D3-BF4B-00C04F79EFBC}") = "Line", "Line\Line.csproj", "{4F20A644-17C5-427E-8D46-1F2BB19DFE10}"
EndProject
Project("{FAE04EC0-301F-11D3-BF4B-00C04F79EFBC}") = "Ellipse", "Ellipse\Ellipse.csproj", "{A4953979-F3B0-46D2-8051-9B7E5B995732}"
EndProject
Project("{FAE04EC0-301F-11D3-BF4B-00C04F79EFBC}") = "Rectangle", "Rectangle\Rectangle.csproj", "{8BB14E81-D65F-4C5A-A3BA-4C9422267926}"
EndProject
Global
	GlobalSection(SolutionConfigurationPlatforms) = preSolution
		Debug|Any CPU = Debug|Any CPU
		Release|Any CPU = Release|Any CPU
	EndGlobalSection
	GlobalSection(ProjectConfigurationPlatforms) = postSolution
		{47857FD9-07E5-4AE8-93B9-94CB6CE6435B}.Debug|Any CPU.ActiveCfg = Debug|Any CPU
		{47857FD9-07E5-4AE8-93B9-94CB6CE6435B}.Debug|Any CPU.Build.0 = Debug|Any CPU
		{47857FD9-07E5-4AE8-93B9-94CB6CE6435B}.Release|Any CPU.ActiveCfg = Release|Any CPU
		{47857FD9-07E5-4AE8-93B9-94CB6CE6435B}.Release|Any CPU.Build.0 = Release|Any CPU
		{47857FD9-07E5-4AE8-93B9-94CB6CE6435B}.Release|Any CPU.Deploy.0 = Release|Any CPU
		{85292DCB-33BC-4A68-99EB-4171398B0AC7}.Debug|Any CPU.ActiveCfg = Debug|Any CPU
		{85292DCB-33BC-4A68-99EB-4171398B0AC7}.Debug|Any CPU.Build.0 = Debug|Any CPU
		{85292DCB-33BC-4A68-99EB-4171398B0AC7}.Release|Any CPU.ActiveCfg = Release|Any CPU
		{85292DCB-33BC-4A68-99EB-4171398B0AC7}.Release|Any CPU.Build.0 = Release|Any CPU
		{85292DCB-33BC-4A68-99EB-4171398B0AC7}.Release|Any CPU.Deploy.0 = Release|Any CPU
		{4F20A644-17C5-427E-8D46-1F2BB19DFE10}.Debug|Any CPU.ActiveCfg = Debug|Any CPU
		{4F20A644-17C5-427E-8D46-1F2BB19DFE10}.Debug|Any CPU.Build.0 = Debug|Any CPU
		{4F20A644-17C5-427E-8D46-1F2BB19DFE10}.Release|Any CPU.ActiveCfg = Release|Any CPU
		{4F20A644-17C5-427E-8D46-1F2BB19DFE10}.Release|Any CPU.Build.0 = Release|Any CPU
		{4F20A644-17C5-427E-8D46-1F2BB19DFE10}.Release|Any CPU.Deploy.0 = Release|Any CPU
		{A4953979-F3B0-46D2-8051-9B7E5B995732}.Debug|Any CPU.ActiveCfg = Debug|Any CPU
		{A4953979-F3B0-46D2-8051-9B7E5B995732}.Debug|Any CPU.Build.0 = Debug|Any CPU
		{A4953979-F3B0-46D2-8051-9B7E5B995732}.Release|Any CPU.ActiveCfg = Release|Any CPU
		{A4953979-F3B0-46D2-8051-9B7E5B995732}.Release|Any CPU.Build.0 = Release|Any CPU
		{A4953979-F3B0-46D2-8051-9B7E5B995732}.Release|Any CPU.Deploy.0 = Release|Any CPU
		{8BB14E81-D65F-4C5A-A3BA-4C9422267926}.Debug|Any CPU.ActiveCfg = Debug|Any CPU
		{8BB14E81-D65F-4C5A-A3BA-4C9422267926}.Debug|Any CPU.Build.0 = Debug|Any CPU
		{8BB14E81-D65F-4C5A-A3BA-4C9422267926}.Release|Any CPU.ActiveCfg = Release|Any CPU
		{8BB14E81-D65F-4C5A-A3BA-4C9422267926}.Release|Any CPU.Build.0 = Release|Any CPU
		{8BB14E81-D65F-4C5A-A3BA-4C9422267926}.Release|Any CPU.Deploy.0 = Release|Any CPU
	EndGlobalSection
EndGlobal
